
Microsoft Visual Studio Solution File, Format Version 12.00
# Visual Studio Version 17
VisualStudioVersion = 17.3.32825.248
MinimumVisualStudioVersion = 10.0.40219.1
Project("{9A19103F-16F7-4668-BE54-9A1E7A4F7556}") = "Minesweeper", "Minesweeper\Minesweeper.csproj", "{1CD05262-D569-4618-915C-2E186313FD6E}"
EndProject
Global
	GlobalSection(SolutionConfigurationPlatforms) = preSolution
		Debug|Any CPU = Debug|Any CPU
		Release|Any CPU = Release|Any CPU
	EndGlobalSection
	GlobalSection(ProjectConfigurationPlatforms) = postSolution
		{1CD05262-D569-4618-915C-2E186313FD6E}.Debug|Any CPU.ActiveCfg = Debug|Any CPU
		{1CD05262-D569-4618-915C-2E186313FD6E}.Debug|Any CPU.Build.0 = Debug|Any CPU
		{1CD05262-D569-4618-915C-2E186313FD6E}.Release|Any CPU.ActiveCfg = Release|Any CPU
		{1CD05262-D569-4618-915C-2E186313FD6E}.Release|Any CPU.Build.0 = Release|Any CPU
	EndGlobalSection
	GlobalSection(SolutionProperties) = preSolution
		HideSolutionNode = FALSE
	EndGlobalSection
	GlobalSection(ExtensibilityGlobals) = postSolution
		SolutionGuid = {4DFFFE3A-CA70-4D8F-AB7B-3EEF9FDA404E}
	EndGlobalSection
EndGlobal
